<?xml version="1.0" encoding="utf-8"?>
<Project ToolsVersion="4.0" xmlns="http://schemas.microsoft.com/developer/msbuild/2003">
  <ItemGroup>
    <Manifest Include="Senior_Design.exe.manifest" />
  </ItemGroup>
  <ItemGroup>
    <ClCompile Include="Display.cpp" />
    <ClCompile Include="Game.cpp" />
    <ClCompile Include="ObjectDetector.cpp" />
    <ClCompile Include="WifiDirect.cpp" />
    <ClCompile Include="WinMain.cpp" />
    <ClCompile Include="pch.cpp" />
    <ClCompile Include="Bluetooth.cpp" />
    <ClCompile Include="Player.cpp" />
  </ItemGroup>
  <ItemGroup>
    <ClInclude Include="Display.h" />
    <ClInclude Include="Game.h" />
    <ClInclude Include="ObjectDetector.h" />
    <ClInclude Include="pch.h" />
    <ClInclude Include="resource.h" />
    <ClInclude Include="WifiDirect.h" />
    <ClInclude Include="Bluetooth.h" />
    <ClInclude Include="Player.h" />
  </ItemGroup>
  <ItemGroup>
    <ResourceCompile Include="Senior_Design.rc" />
  </ItemGroup>
  <ItemGroup>
    <None Include="packages.config" />
    <None Include="PropertySheet.props" />
  </ItemGroup>
  <ItemGroup>
    <Text Include="readme.txt" />
  </ItemGroup>
</Project>